
Microsoft Visual Studio Solution File, Format Version 12.00
# Visual Studio Version 17
VisualStudioVersion = 17.1.32228.430
MinimumVisualStudioVersion = 10.0.40219.1
Project("{9A19103F-16F7-4668-BE54-9A1E7A4F7556}") = "ConsoleApp4", "ConsoleApp4\ConsoleApp4.csproj", "{BE37341E-B617-42F8-B6DD-3129E026EDB4}"
EndProject
Global
	GlobalSection(SolutionConfigurationPlatforms) = preSolution
		Debug|Any CPU = Debug|Any CPU
		Debug|x86 = Debug|x86
		Release|Any CPU = Release|Any CPU
		Release|x86 = Release|x86
	EndGlobalSection
	GlobalSection(ProjectConfigurationPlatforms) = postSolution
		{BE37341E-B617-42F8-B6DD-3129E026EDB4}.Debug|Any CPU.ActiveCfg = Debug|Any CPU
		{BE37341E-B617-42F8-B6DD-3129E026EDB4}.Debug|Any CPU.Build.0 = Debug|Any CPU
		{BE37341E-B617-42F8-B6DD-3129E026EDB4}.Debug|x86.ActiveCfg = Debug|x86
		{BE37341E-B617-42F8-B6DD-3129E026EDB4}.Debug|x86.Build.0 = Debug|x86
		{BE37341E-B617-42F8-B6DD-3129E026EDB4}.Release|Any CPU.ActiveCfg = Release|Any CPU
		{BE37341E-B617-42F8-B6DD-3129E026EDB4}.Release|Any CPU.Build.0 = Release|Any CPU
		{BE37341E-B617-42F8-B6DD-3129E026EDB4}.Release|x86.ActiveCfg = Release|x86
		{BE37341E-B617-42F8-B6DD-3129E026EDB4}.Release|x86.Build.0 = Release|x86
	EndGlobalSection
	GlobalSection(SolutionProperties) = preSolution
		HideSolutionNode = FALSE
	EndGlobalSection
	GlobalSection(ExtensibilityGlobals) = postSolution
		SolutionGuid = {F80FF0F8-A939-4460-A985-67CAFA272666}
	EndGlobalSection
EndGlobal
